
Microsoft Visual Studio Solution File, Format Version 12.00
# Visual Studio 2013
VisualStudioVersion = 12.0.31101.0
MinimumVisualStudioVersion = 10.0.40219.1
Project("{8BC9CEB8-8B4A-11D0-8D11-00A0C91BC942}") = "ReadWAVE", "ReadWAVE\ReadWAVE.vcxproj", "{72D10830-F30E-43CB-99EE-6EECF1EC2F3A}"
EndProject
Global
	GlobalSection(SolutionConfigurationPlatforms) = preSolution
		Debug|Win32 = Debug|Win32
		Release|Win32 = Release|Win32
	EndGlobalSection
	GlobalSection(ProjectConfigurationPlatforms) = postSolution
		{72D10830-F30E-43CB-99EE-6EECF1EC2F3A}.Debug|Win32.ActiveCfg = Debug|Win32
		{72D10830-F30E-43CB-99EE-6EECF1EC2F3A}.Debug|Win32.Build.0 = Debug|Win32
		{72D10830-F30E-43CB-99EE-6EECF1EC2F3A}.Release|Win32.ActiveCfg = Release|Win32
		{72D10830-F30E-43CB-99EE-6EECF1EC2F3A}.Release|Win32.Build.0 = Release|Win32
	EndGlobalSection
	GlobalSection(SolutionProperties) = preSolution
		HideSolutionNode = FALSE
	EndGlobalSection
EndGlobal
